
Microsoft Visual Studio Solution File, Format Version 12.00
# Visual Studio Version 17
VisualStudioVersion = 17.14.36121.58 d17.14
MinimumVisualStudioVersion = 10.0.40219.1
Project("{FAE04EC0-301F-11D3-BF4B-00C04F79EFBC}") = "FitVerse.Web", "FitVerse.Web\FitVerse.Web.csproj", "{D3F23868-15F2-4074-B156-EA27B07EB0F4}"
EndProject
Global
	GlobalSection(SolutionConfigurationPlatforms) = preSolution
		Debug|Any CPU = Debug|Any CPU
		Release|Any CPU = Release|Any CPU
	EndGlobalSection
	GlobalSection(ProjectConfigurationPlatforms) = postSolution
		{D3F23868-15F2-4074-B156-EA27B07EB0F4}.Debug|Any CPU.ActiveCfg = Debug|Any CPU
		{D3F23868-15F2-4074-B156-EA27B07EB0F4}.Debug|Any CPU.Build.0 = Debug|Any CPU
		{D3F23868-15F2-4074-B156-EA27B07EB0F4}.Release|Any CPU.ActiveCfg = Release|Any CPU
		{D3F23868-15F2-4074-B156-EA27B07EB0F4}.Release|Any CPU.Build.0 = Release|Any CPU
	EndGlobalSection
	GlobalSection(SolutionProperties) = preSolution
		HideSolutionNode = FALSE
	EndGlobalSection
	GlobalSection(ExtensibilityGlobals) = postSolution
		SolutionGuid = {F66F103A-32F6-4C2E-B165-EF35D8FE63FF}
	EndGlobalSection
EndGlobal
